// !$*UTF8*$!
{
	archiveVersion = 1;
	classes = {
	};
	objectVersion = 48;
	objects = {

/* Begin PBXBuildFile section */
		60361D58160173335DA5F359 /* Pods_FBIntegration.framework in Frameworks */ = {isa = PBXBuildFile; fileRef = 5F0CC38E073FDF2CE5F3C82C /* Pods_FBIntegration.framework */; };
		9A1DC31B2129B93C00C26AB1 /* AppDelegate.swift in Sources */ = {isa = PBXBuildFile; fileRef = 9A1DC31A2129B93C00C26AB1 /* AppDelegate.swift */; };
		9A1DC31D2129B93C00C26AB1 /* ViewController.swift in Sources */ = {isa = PBXBuildFile; fileRef = 9A1DC31C2129B93C00C26AB1 /* ViewController.swift */; };
		9A1DC3202129B93C00C26AB1 /* Main.storyboard in Resources */ = {isa = PBXBuildFile; fileRef = 9A1DC31E2129B93C00C26AB1 /* Main.storyboard */; };
		9A1DC3222129B93C00C26AB1 /* Assets.xcassets in Resources */ = {isa = PBXBuildFile; fileRef = 9A1DC3212129B93C00C26AB1 /* Assets.xcassets */; };
		9A1DC3252129B93C00C26AB1 /* LaunchScreen.storyboard in Resources */ = {isa = PBXBuildFile; fileRef = 9A1DC3232129B93C00C26AB1 /* LaunchScreen.storyboard */; };
/* End PBXBuildFile section */

/* Begin PBXFileReference section */
		5F0CC38E073FDF2CE5F3C82C /* Pods_FBIntegration.framework */ = {isa = PBXFileReference; explicitFileType = wrapper.framework; includeInIndex = 0; path = Pods_FBIntegration.framework; sourceTree = BUILT_PRODUCTS_DIR; };
		9A1DC3172129B93C00C26AB1 /* FBIntegration.app */ = {isa = PBXFileReference; explicitFileType = wrapper.application; includeInIndex = 0; path = FBIntegration.app; sourceTree = BUILT_PRODUCTS_DIR; };
		9A1DC31A2129B93C00C26AB1 /* AppDelegate.swift */ = {isa = PBXFileReference; lastKnownFileType = sourcecode.swift; path = AppDelegate.swift; sourceTree = "<group>"; };
		9A1DC31C2129B93C00C26AB1 /* ViewController.swift */ = {isa = PBXFileReference; lastKnownFileType = sourcecode.swift; path = ViewController.swift; sourceTree = "<group>"; };
		9A1DC31F2129B93C00C26AB1 /* Base */ = {isa = PBXFileReference; lastKnownFileType = file.storyboard; name = Base; path = Base.lproj/Main.storyboard; sourceTree = "<group>"; };
		9A1DC3212129B93C00C26AB1 /* Assets.xcassets */ = {isa = PBXFileReference; lastKnownFileType = folder.assetcatalog; path = Assets.xcassets; sourceTree = "<group>"; };
		9A1DC3242129B93C00C26AB1 /* Base */ = {isa = PBXFileReference; lastKnownFileType = file.storyboard; name = Base; path = Base.lproj/LaunchScreen.storyboard; sourceTree = "<group>"; };
		9A1DC3262129B93C00C26AB1 /* Info.plist */ = {isa = PBXFileReference; lastKnownFileType = text.plist.xml; path = Info.plist; sourceTree = "<group>"; };
		A9960DC946B78C95CCDDDDBA /* Pods-FBIntegration.release.xcconfig */ = {isa = PBXFileReference; includeInIndex = 1; lastKnownFileType = text.xcconfig; name = "Pods-FBIntegration.release.xcconfig"; path = "Pods/Target Support Files/Pods-FBIntegration/Pods-FBIntegration.release.xcconfig"; sourceTree = "<group>"; };
		C33C9AFB172EFA02B73AEB54 /* Pods-FBIntegration.debug.xcconfig */ = {isa = PBXFileReference; includeInIndex = 1; lastKnownFileType = text.xcconfig; name = "Pods-FBIntegration.debug.xcconfig"; path = "Pods/Target Support Files/Pods-FBIntegration/Pods-FBIntegration.debug.xcconfig"; sourceTree = "<group>"; };
/* End PBXFileReference section */

/* Begin PBXFrameworksBuildPhase section */
		9A1DC3142129B93C00C26AB1 /* Frameworks */ = {
			isa = PBXFrameworksBuildPhase;
			buildActionMask = 2147483647;
			files = (
				60361D58160173335DA5F359 /* Pods_FBIntegration.framework in Frameworks */,
			);
			runOnlyForDeploymentPostprocessing = 0;
		};
/* End PBXFrameworksBuildPhase section */

/* Begin PBXGroup section */
		402B0F7481922BFA0C0DEBDF /* Pods */ = {
			isa = PBXGroup;
			children = (
				C33C9AFB172EFA02B73AEB54 /* Pods-FBIntegration.debug.xcconfig */,
				A9960DC946B78C95CCDDDDBA /* Pods-FBIntegration.release.xcconfig */,
			);
			name = Pods;
			sourceTree = "<group>";
		};
		9A1DC30E2129B93B00C26AB1 = {
			isa = PBXGroup;
			children = (
				9A1DC3192129B93C00C26AB1 /* FBIntegration */,
				9A1DC3182129B93C00C26AB1 /* Products */,
				402B0F7481922BFA0C0DEBDF /* Pods */,
				ED2C82698E4BE385A01AB06E /* Frameworks */,
			);
			sourceTree = "<group>";
		};
		9A1DC3182129B93C00C26AB1 /* Products */ = {
			isa = PBXGroup;
			children = (
				9A1DC3172129B93C00C26AB1 /* FBIntegration.app */,
			);
			name = Products;
			sourceTree = "<group>";
		};
		9A1DC3192129B93C00C26AB1 /* FBIntegration */ = {
			isa = PBXGroup;
			children = (
				9A1DC31A2129B93C00C26AB1 /* AppDelegate.swift */,
				9A1DC31C2129B93C00C26AB1 /* ViewController.swift */,
				9A1DC31E2129B93C00C26AB1 /* Main.storyboard */,
				9A1DC3212129B93C00C26AB1 /* Assets.xcassets */,
				9A1DC3232129B93C00C26AB1 /* LaunchScreen.storyboard */,
				9A1DC3262129B93C00C26AB1 /* Info.plist */,
			);
			path = FBIntegration;
			sourceTree = "<group>";
		};
		ED2C82698E4BE385A01AB06E /* Frameworks */ = {
			isa = PBXGroup;
			children = (
				5F0CC38E073FDF2CE5F3C82C /* Pods_FBIntegration.framework */,
			);
			name = Frameworks;
			sourceTree = "<group>";
		};
/* End PBXGroup section */

/* Begin PBXNativeTarget section */
		9A1DC3162129B93C00C26AB1 /* FBIntegration */ = {
			isa = PBXNativeTarget;
			buildConfigurationList = 9A1DC3292129B93C00C26AB1 /* Build configuration list for PBXNativeTarget "FBIntegration" */;
			buildPhases = (
				4927D1E4D645457E1FBC0939 /* [CP] Check Pods Manifest.lock */,
				9A1DC3132129B93C00C26AB1 /* Sources */,
				9A1DC3142129B93C00C26AB1 /* Frameworks */,
				9A1DC3152129B93C00C26AB1 /* Resources */,
				5011A9B6E9BB7193DA134325 /* [CP] Embed Pods Frameworks */,
			);
			buildRules = (
			);
			dependencies = (
			);
			name = FBIntegration;
			productName = FBIntegration;
			productReference = 9A1DC3172129B93C00C26AB1 /* FBIntegration.app */;
			productType = "com.apple.product-type.application";
		};
/* End PBXNativeTarget section */

/* Begin PBXProject section */
		9A1DC30F2129B93B00C26AB1 /* Project object */ = {
			isa = PBXProject;
			attributes = {
				LastSwiftUpdateCheck = 0910;
				LastUpgradeCheck = 0910;
				ORGANIZATIONNAME = Nagiz;
				TargetAttributes = {
					9A1DC3162129B93C00C26AB1 = {
						CreatedOnToolsVersion = 9.1;
						ProvisioningStyle = Automatic;
					};
				};
			};
			buildConfigurationList = 9A1DC3122129B93B00C26AB1 /* Build configuration list for PBXProject "FBIntegration" */;
			compatibilityVersion = "Xcode 8.0";
			developmentRegion = en;
			hasScannedForEncodings = 0;
			knownRegions = (
				en,
				Base,
			);
			mainGroup = 9A1DC30E2129B93B00C26AB1;
			productRefGroup = 9A1DC3182129B93C00C26AB1 /* Products */;
			projectDirPath = "";
			projectRoot = "";
			targets = (
				9A1DC3162129B93C00C26AB1 /* FBIntegration */,
			);
		};
/* End PBXProject section */

/* Begin PBXResourcesBuildPhase section */
		9A1DC3152129B93C00C26AB1 /* Resources */ = {
			isa = PBXResourcesBuildPhase;
			buildActionMask = 2147483647;
			files = (
				9A1DC3252129B93C00C26AB1 /* LaunchScreen.storyboard in Resources */,
				9A1DC3222129B93C00C26AB1 /* Assets.xcassets in Resources */,
				9A1DC3202129B93C00C26AB1 /* Main.storyboard in Resources */,
			);
			runOnlyForDeploymentPostprocessing = 0;
		};
/* End PBXResourcesBuildPhase section */

/* Begin PBXShellScriptBuildPhase section */
		4927D1E4D645457E1FBC0939 /* [CP] Check Pods Manifest.lock */ = {
			isa = PBXShellScriptBuildPhase;
			buildActionMask = 2147483647;
			files = (
			);
			inputPaths = (
				"${PODS_PODFILE_DIR_PATH}/Podfile.lock",
				"${PODS_ROOT}/Manifest.lock",
			);
			name = "[CP] Check Pods Manifest.lock";
			outputPaths = (
				"$(DERIVED_FILE_DIR)/Pods-FBIntegration-checkManifestLockResult.txt",
			);
			runOnlyForDeploymentPostprocessing = 0;
			shellPath = /bin/sh;
			shellScript = "diff \"${PODS_PODFILE_DIR_PATH}/Podfile.lock\" \"${PODS_ROOT}/Manifest.lock\" > /dev/null\nif [ $? != 0 ] ; then\n    # print error to STDERR\n    echo \"error: The sandbox is not in sync with the Podfile.lock. Run 'pod install' or update your CocoaPods installation.\" >&2\n    exit 1\nfi\n# This output is used by Xcode 'outputs' to avoid re-running this script phase.\necho \"SUCCESS\" > \"${SCRIPT_OUTPUT_FILE_0}\"\n";
			showEnvVarsInLog = 0;
		};
		5011A9B6E9BB7193DA134325 /* [CP] Embed Pods Frameworks */ = {
			isa = PBXShellScriptBuildPhase;
			buildActionMask = 2147483647;
			files = (
			);
			inputPaths = (
				"${SRCROOT}/Pods/Target Support Files/Pods-FBIntegration/Pods-FBIntegration-frameworks.sh",
				"${BUILT_PRODUCTS_DIR}/Bolts/Bolts.framework",
				"${BUILT_PRODUCTS_DIR}/FBSDKCoreKit/FBSDKCoreKit.framework",
				"${BUILT_PRODUCTS_DIR}/FBSDKLoginKit/FBSDKLoginKit.framework",
				"${BUILT_PRODUCTS_DIR}/FBSDKShareKit/FBSDKShareKit.framework",
			);
			name = "[CP] Embed Pods Frameworks";
			outputPaths = (
				"${TARGET_BUILD_DIR}/${FRAMEWORKS_FOLDER_PATH}/Bolts.framework",
				"${TARGET_BUILD_DIR}/${FRAMEWORKS_FOLDER_PATH}/FBSDKCoreKit.framework",
				"${TARGET_BUILD_DIR}/${FRAMEWORKS_FOLDER_PATH}/FBSDKLoginKit.framework",
				"${TARGET_BUILD_DIR}/${FRAMEWORKS_FOLDER_PATH}/FBSDKShareKit.framework",
			);
			runOnlyForDeploymentPostprocessing = 0;
			shellPath = /bin/sh;
			shellScript = "\"${SRCROOT}/Pods/Target Support Files/Pods-FBIntegration/Pods-FBIntegration-frameworks.sh\"\n";
			showEnvVarsInLog = 0;
		};
/* End PBXShellScriptBuildPhase section */

/* Begin PBXSourcesBuildPhase section */
		9A1DC3132129B93C00C26AB1 /* Sources */ = {
			isa = PBXSourcesBuildPhase;
			buildActionMask = 2147483647;
			files = (
				9A1DC31D2129B93C00C26AB1 /* ViewController.swift in Sources */,
				9A1DC31B2129B93C00C26AB1 /* AppDelegate.swift in Sources */,
			);
			runOnlyForDeploymentPostprocessing = 0;
		};
/* End PBXSourcesBuildPhase section */

/* Begin PBXVariantGroup section */
		9A1DC31E2129B93C00C26AB1 /* Main.storyboard */ = {
			isa = PBXVariantGroup;
			children = (
				9A1DC31F2129B93C00C26AB1 /* Base */,
			);
			name = Main.storyboard;
			sourceTree = "<group>";
		};
		9A1DC3232129B93C00C26AB1 /* LaunchScreen.storyboard */ = {
			isa = PBXVariantGroup;
			children = (
				9A1DC3242129B93C00C26AB1 /* Base */,
			);
			name = LaunchScreen.storyboard;
			sourceTree = "<group>";
		};
/* End PBXVariantGroup section */

/* Begin XCBuildConfiguration section */
		9A1DC3272129B93C00C26AB1 /* Debug */ = {
			isa = XCBuildConfiguration;
			buildSettings = {
				ALWAYS_SEARCH_USER_PATHS = NO;
				CLANG_ANALYZER_NONNULL = YES;
				CLANG_ANALYZER_NUMBER_OBJECT_CONVERSION = YES_AGGRESSIVE;
				CLANG_CXX_LANGUAGE_STANDARD = "gnu++14";
				CLANG_CXX_LIBRARY = "libc++";
				CLANG_ENABLE_MODULES = YES;
				CLANG_ENABLE_OBJC_ARC = YES;
				CLANG_WARN_BLOCK_CAPTURE_AUTORELEASING = YES;
				CLANG_WARN_BOOL_CONVERSION = YES;
				CLANG_WARN_COMMA = YES;
				CLANG_WARN_CONSTANT_CONVERSION = YES;
				CLANG_WARN_DIRECT_OBJC_ISA_USAGE = YES_ERROR;
				CLANG_WARN_DOCUMENTATION_COMMENTS = YES;
				CLANG_WARN_EMPTY_BODY = YES;
				CLANG_WARN_ENUM_CONVERSION = YES;
				CLANG_WARN_INFINITE_RECURSION = YES;
				CLANG_WARN_INT_CONVERSION = YES;
				CLANG_WARN_NON_LITERAL_NULL_CONVERSION = YES;
				CLANG_WARN_OBJC_LITERAL_CONVERSION = YES;
				CLANG_WARN_OBJC_ROOT_CLASS = YES_ERROR;
				CLANG_WARN_RANGE_LOOP_ANALYSIS = YES;
				CLANG_WARN_STRICT_PROTOTYPES = YES;
				CLANG_WARN_SUSPICIOUS_MOVE = YES;
				CLANG_WARN_UNGUARDED_AVAILABILITY = YES_AGGRESSIVE;
				CLANG_WARN_UNREACHABLE_CODE = YES;
				CLANG_WARN__DUPLICATE_METHOD_MATCH = YES;
				CODE_SIGN_IDENTITY = "iPhone Developer";
				COPY_PHASE_STRIP = NO;
				DEBUG_INFORMATION_FORMAT = dwarf;
				ENABLE_STRICT_OBJC_MSGSEND = YES;
				ENABLE_TESTABILITY = YES;
				GCC_C_LANGUAGE_STANDARD = gnu11;
				GCC_DYNAMIC_NO_PIC = NO;
				GCC_NO_COMMON_BLOCKS = YES;
				GCC_OPTIMIZATION_LEVEL = 0;
				GCC_PREPROCESSOR_DEFINITIONS = (
					"DEBUG=1",
					"$(inherited)",
				);
				GCC_WARN_64_TO_32_BIT_CONVERSION = YES;
				GCC_WARN_ABOUT_RETURN_TYPE = YES_ERROR;
				GCC_WARN_UNDECLARED_SELECTOR = YES;
				GCC_WARN_UNINITIALIZED_AUTOS = YES_AGGRESSIVE;
				GCC_WARN_UNUSED_FUNCTION = YES;
				GCC_WARN_UNUSED_VARIABLE = YES;
				IPHONEOS_DEPLOYMENT_TARGET = 11.1;
				MTL_ENABLE_DEBUG_INFO = YES;
				ONLY_ACTIVE_ARCH = YES;
				SDKROOT = iphoneos;
				SWIFT_ACTIVE_COMPILATION_CONDITIONS = DEBUG;
				SWIFT_OPTIMIZATION_LEVEL = "-Onone";
			};
			name = Debug;
		};
		9A1DC3282129B93C00C26AB1 /* Release */ = {
			isa = XCBuildConfiguration;
			buildSettings = {
				ALWAYS_SEARCH_USER_PATHS = NO;
				CLANG_ANALYZER_NONNULL = YES;
				CLANG_ANALYZER_NUMBER_OBJECT_CONVERSION = YES_AGGRESSIVE;
				CLANG_CXX_LANGUAGE_STANDARD = "gnu++14";
				CLANG_CXX_LIBRARY = "libc++";
				CLANG_ENABLE_MODULES = YES;
				CLANG_ENABLE_OBJC_ARC = YES;
				CLANG_WARN_BLOCK_CAPTURE_AUTORELEASING = YES;
				CLANG_WARN_BOOL_CONVERSION = YES;
				CLANG_WARN_COMMA = YES;
				CLANG_WARN_CONSTANT_CONVERSION = YES;
				CLANG_WARN_DIRECT_OBJC_ISA_USAGE = YES_ERROR;
				CLANG_WARN_DOCUMENTATION_COMMENTS = YES;
				CLANG_WARN_EMPTY_BODY = YES;
				CLANG_WARN_ENUM_CONVERSION = YES;
				CLANG_WARN_INFINITE_RECURSION = YES;
				CLANG_WARN_INT_CONVERSION = YES;
				CLANG_WARN_NON_LITERAL_NULL_CONVERSION = YES;
				CLANG_WARN_OBJC_LITERAL_CONVERSION = YES;
				CLANG_WARN_OBJC_ROOT_CLASS = YES_ERROR;
				CLANG_WARN_RANGE_LOOP_ANALYSIS = YES;
				CLANG_WARN_STRICT_PROTOTYPES = YES;
				CLANG_WARN_SUSPICIOUS_MOVE = YES;
				CLANG_WARN_UNGUARDED_AVAILABILITY = YES_AGGRESSIVE;
				CLANG_WARN_UNREACHABLE_CODE = YES;
				CLANG_WARN__DUPLICATE_METHOD_MATCH = YES;
				CODE_SIGN_IDENTITY = "iPhone Developer";
				COPY_PHASE_STRIP = NO;
				DEBUG_INFORMATION_FORMAT = "dwarf-with-dsym";
				ENABLE_NS_ASSERTIONS = NO;
				ENABLE_STRICT_OBJC_MSGSEND = YES;
				GCC_C_LANGUAGE_STANDARD = gnu11;
				GCC_NO_COMMON_BLOCKS = YES;
				GCC_WARN_64_TO_32_BIT_CONVERSION = YES;
				GCC_WARN_ABOUT_RETURN_TYPE = YES_ERROR;
				GCC_WARN_UNDECLARED_SELECTOR = YES;
				GCC_WARN_UNINITIALIZED_AUTOS = YES_AGGRESSIVE;
				GCC_WARN_UNUSED_FUNCTION = YES;
				GCC_WARN_UNUSED_VARIABLE = YES;
				IPHONEOS_DEPLOYMENT_TARGET = 11.1;
				MTL_ENABLE_DEBUG_INFO = NO;
				SDKROOT = iphoneos;
				SWIFT_OPTIMIZATION_LEVEL = "-Owholemodule";
				VALIDATE_PRODUCT = YES;
			};
			name = Release;
		};
		9A1DC32A2129B93C00C26AB1 /* Debug */ = {
			isa = XCBuildConfiguration;
			baseConfigurationReference = C33C9AFB172EFA02B73AEB54 /* Pods-FBIntegration.debug.xcconfig */;
			buildSettings = {
				ASSETCATALOG_COMPILER_APPICON_NAME = AppIcon;
				CODE_SIGN_STYLE = Automatic;
				INFOPLIST_FILE = FBIntegration/Info.plist;
				LD_RUNPATH_SEARCH_PATHS = "$(inherited) @executable_path/Frameworks";
				PRODUCT_BUNDLE_IDENTIFIER = com.Nagiz.FBIntegration;
				PRODUCT_NAME = "$(TARGET_NAME)";
				SWIFT_VERSION = 4.0;
				TARGETED_DEVICE_FAMILY = "1,2";
			};
			name = Debug;
		};
		9A1DC32B2129B93C00C26AB1 /* Release */ = {
			isa = XCBuildConfiguration;
			baseConfigurationReference = A9960DC946B78C95CCDDDDBA /* Pods-FBIntegration.release.xcconfig */;
			buildSettings = {
				ASSETCATALOG_COMPILER_APPICON_NAME = AppIcon;
				CODE_SIGN_STYLE = Automatic;
				INFOPLIST_FILE = FBIntegration/Info.plist;
				LD_RUNPATH_SEARCH_PATHS = "$(inherited) @executable_path/Frameworks";
				PRODUCT_BUNDLE_IDENTIFIER = com.Nagiz.FBIntegration;
				PRODUCT_NAME = "$(TARGET_NAME)";
				SWIFT_VERSION = 4.0;
				TARGETED_DEVICE_FAMILY = "1,2";
			};
			name = Release;
		};
/* End XCBuildConfiguration section */

/* Begin XCConfigurationList section */
		9A1DC3122129B93B00C26AB1 /* Build configuration list for PBXProject "FBIntegration" */ = {
			isa = XCConfigurationList;
			buildConfigurations = (
				9A1DC3272129B93C00C26AB1 /* Debug */,
				9A1DC3282129B93C00C26AB1 /* Release */,
			);
			defaultConfigurationIsVisible = 0;
			defaultConfigurationName = Release;
		};
		9A1DC3292129B93C00C26AB1 /* Build configuration list for PBXNativeTarget "FBIntegration" */ = {
			isa = XCConfigurationList;
			buildConfigurations = (
				9A1DC32A2129B93C00C26AB1 /* Debug */,
				9A1DC32B2129B93C00C26AB1 /* Release */,
			);
			defaultConfigurationIsVisible = 0;
			defaultConfigurationName = Release;
		};
/* End XCConfigurationList section */
	};
	rootObject = 9A1DC30F2129B93B00C26AB1 /* Project object */;
}
